// !$*UTF8*$!
{
	archiveVersion = 1;
	classes = {
	};
	objectVersion = 56;
	objects = {

/* Begin PBXBuildFile section */
		48B07F642B7CB1ED008E701E /* offlineVideoPlayerApp.swift in Sources */ = {isa = PBXBuildFile; fileRef = 48B07F632B7CB1ED008E701E /* offlineVideoPlayerApp.swift */; };
		48B07F682B7CB1F3008E701E /* Assets.xcassets in Resources */ = {isa = PBXBuildFile; fileRef = 48B07F672B7CB1F3008E701E /* Assets.xcassets */; };
		48B07F6B2B7CB1F3008E701E /* Preview Assets.xcassets in Resources */ = {isa = PBXBuildFile; fileRef = 48B07F6A2B7CB1F3008E701E /* Preview Assets.xcassets */; };
		48B07F752B7CB1F4008E701E /* offlineVideoPlayerTests.swift in Sources */ = {isa = PBXBuildFile; fileRef = 48B07F742B7CB1F4008E701E /* offlineVideoPlayerTests.swift */; };
		48B07F7F2B7CB1F4008E701E /* offlineVideoPlayerUITests.swift in Sources */ = {isa = PBXBuildFile; fileRef = 48B07F7E2B7CB1F4008E701E /* offlineVideoPlayerUITests.swift */; };
		48B07F812B7CB1F4008E701E /* offlineVideoPlayerUITestsLaunchTests.swift in Sources */ = {isa = PBXBuildFile; fileRef = 48B07F802B7CB1F4008E701E /* offlineVideoPlayerUITestsLaunchTests.swift */; };
		48B07F8F2B7CB215008E701E /* Video.swift in Sources */ = {isa = PBXBuildFile; fileRef = 48B07F8E2B7CB215008E701E /* Video.swift */; };
		48B07F912B7CB281008E701E /* PixabayService.swift in Sources */ = {isa = PBXBuildFile; fileRef = 48B07F902B7CB281008E701E /* PixabayService.swift */; };
		48B07F942B7CB2DE008E701E /* Alamofire in Frameworks */ = {isa = PBXBuildFile; productRef = 48B07F932B7CB2DE008E701E /* Alamofire */; };
		48B07F982B7CB31E008E701E /* VideoListView.swift in Sources */ = {isa = PBXBuildFile; fileRef = 48B07F972B7CB31E008E701E /* VideoListView.swift */; };
		48B07F9A2B7CB327008E701E /* VideoDetailView.swift in Sources */ = {isa = PBXBuildFile; fileRef = 48B07F992B7CB327008E701E /* VideoDetailView.swift */; };
		48B07F9D2B7CB378008E701E /* Kingfisher in Frameworks */ = {isa = PBXBuildFile; productRef = 48B07F9C2B7CB378008E701E /* Kingfisher */; };
		48B07FA02B7CB39D008E701E /* VideoListViewModel.swift in Sources */ = {isa = PBXBuildFile; fileRef = 48B07F9F2B7CB39D008E701E /* VideoListViewModel.swift */; };
		48B07FA52B7CB44B008E701E /* PreviewProvider.swift in Sources */ = {isa = PBXBuildFile; fileRef = 48B07FA42B7CB44B008E701E /* PreviewProvider.swift */; };
		48B07FA92B7CB549008E701E /* DownloadService.swift in Sources */ = {isa = PBXBuildFile; fileRef = 48B07FA82B7CB549008E701E /* DownloadService.swift */; };
		48B07FAB2B7CEA76008E701E /* VideoDetailViewModel.swift in Sources */ = {isa = PBXBuildFile; fileRef = 48B07FAA2B7CEA76008E701E /* VideoDetailViewModel.swift */; };
/* End PBXBuildFile section */

/* Begin PBXContainerItemProxy section */
		48B07F712B7CB1F4008E701E /* PBXContainerItemProxy */ = {
			isa = PBXContainerItemProxy;
			containerPortal = 48B07F582B7CB1ED008E701E /* Project object */;
			proxyType = 1;
			remoteGlobalIDString = 48B07F5F2B7CB1ED008E701E;
			remoteInfo = offlineVideoPlayer;
		};
		48B07F7B2B7CB1F4008E701E /* PBXContainerItemProxy */ = {
			isa = PBXContainerItemProxy;
			containerPortal = 48B07F582B7CB1ED008E701E /* Project object */;
			proxyType = 1;
			remoteGlobalIDString = 48B07F5F2B7CB1ED008E701E;
			remoteInfo = offlineVideoPlayer;
		};
/* End PBXContainerItemProxy section */

/* Begin PBXFileReference section */
		48B07F602B7CB1ED008E701E /* offlineVideoPlayer.app */ = {isa = PBXFileReference; explicitFileType = wrapper.application; includeInIndex = 0; path = offlineVideoPlayer.app; sourceTree = BUILT_PRODUCTS_DIR; };
		48B07F632B7CB1ED008E701E /* offlineVideoPlayerApp.swift */ = {isa = PBXFileReference; lastKnownFileType = sourcecode.swift; path = offlineVideoPlayerApp.swift; sourceTree = "<group>"; };
		48B07F672B7CB1F3008E701E /* Assets.xcassets */ = {isa = PBXFileReference; lastKnownFileType = folder.assetcatalog; path = Assets.xcassets; sourceTree = "<group>"; };
		48B07F6A2B7CB1F3008E701E /* Preview Assets.xcassets */ = {isa = PBXFileReference; lastKnownFileType = folder.assetcatalog; path = "Preview Assets.xcassets"; sourceTree = "<group>"; };
		48B07F702B7CB1F4008E701E /* offlineVideoPlayerTests.xctest */ = {isa = PBXFileReference; explicitFileType = wrapper.cfbundle; includeInIndex = 0; path = offlineVideoPlayerTests.xctest; sourceTree = BUILT_PRODUCTS_DIR; };
		48B07F742B7CB1F4008E701E /* offlineVideoPlayerTests.swift */ = {isa = PBXFileReference; lastKnownFileType = sourcecode.swift; path = offlineVideoPlayerTests.swift; sourceTree = "<group>"; };
		48B07F7A2B7CB1F4008E701E /* offlineVideoPlayerUITests.xctest */ = {isa = PBXFileReference; explicitFileType = wrapper.cfbundle; includeInIndex = 0; path = offlineVideoPlayerUITests.xctest; sourceTree = BUILT_PRODUCTS_DIR; };
		48B07F7E2B7CB1F4008E701E /* offlineVideoPlayerUITests.swift */ = {isa = PBXFileReference; lastKnownFileType = sourcecode.swift; path = offlineVideoPlayerUITests.swift; sourceTree = "<group>"; };
		48B07F802B7CB1F4008E701E /* offlineVideoPlayerUITestsLaunchTests.swift */ = {isa = PBXFileReference; lastKnownFileType = sourcecode.swift; path = offlineVideoPlayerUITestsLaunchTests.swift; sourceTree = "<group>"; };
		48B07F8E2B7CB215008E701E /* Video.swift */ = {isa = PBXFileReference; lastKnownFileType = sourcecode.swift; path = Video.swift; sourceTree = "<group>"; };
		48B07F902B7CB281008E701E /* PixabayService.swift */ = {isa = PBXFileReference; lastKnownFileType = sourcecode.swift; path = PixabayService.swift; sourceTree = "<group>"; };
		48B07F972B7CB31E008E701E /* VideoListView.swift */ = {isa = PBXFileReference; lastKnownFileType = sourcecode.swift; path = VideoListView.swift; sourceTree = "<group>"; };
		48B07F992B7CB327008E701E /* VideoDetailView.swift */ = {isa = PBXFileReference; lastKnownFileType = sourcecode.swift; path = VideoDetailView.swift; sourceTree = "<group>"; };
		48B07F9F2B7CB39D008E701E /* VideoListViewModel.swift */ = {isa = PBXFileReference; lastKnownFileType = sourcecode.swift; path = VideoListViewModel.swift; sourceTree = "<group>"; };
		48B07FA42B7CB44B008E701E /* PreviewProvider.swift */ = {isa = PBXFileReference; lastKnownFileType = sourcecode.swift; path = PreviewProvider.swift; sourceTree = "<group>"; };
		48B07FA82B7CB549008E701E /* DownloadService.swift */ = {isa = PBXFileReference; lastKnownFileType = sourcecode.swift; path = DownloadService.swift; sourceTree = "<group>"; };
		48B07FAA2B7CEA76008E701E /* VideoDetailViewModel.swift */ = {isa = PBXFileReference; fileEncoding = 4; lastKnownFileType = sourcecode.swift; path = VideoDetailViewModel.swift; sourceTree = "<group>"; };
/* End PBXFileReference section */

/* Begin PBXFrameworksBuildPhase section */
		48B07F5D2B7CB1ED008E701E /* Frameworks */ = {
			isa = PBXFrameworksBuildPhase;
			buildActionMask = 2147483647;
			files = (
				48B07F9D2B7CB378008E701E /* Kingfisher in Frameworks */,
				48B07F942B7CB2DE008E701E /* Alamofire in Frameworks */,
			);
			runOnlyForDeploymentPostprocessing = 0;
		};
		48B07F6D2B7CB1F4008E701E /* Frameworks */ = {
			isa = PBXFrameworksBuildPhase;
			buildActionMask = 2147483647;
			files = (
			);
			runOnlyForDeploymentPostprocessing = 0;
		};
		48B07F772B7CB1F4008E701E /* Frameworks */ = {
			isa = PBXFrameworksBuildPhase;
			buildActionMask = 2147483647;
			files = (
			);
			runOnlyForDeploymentPostprocessing = 0;
		};
/* End PBXFrameworksBuildPhase section */

/* Begin PBXGroup section */
		48B07F572B7CB1ED008E701E = {
			isa = PBXGroup;
			children = (
				48B07F622B7CB1ED008E701E /* offlineVideoPlayer */,
				48B07F732B7CB1F4008E701E /* offlineVideoPlayerTests */,
				48B07F7D2B7CB1F4008E701E /* offlineVideoPlayerUITests */,
				48B07F612B7CB1ED008E701E /* Products */,
			);
			sourceTree = "<group>";
		};
		48B07F612B7CB1ED008E701E /* Products */ = {
			isa = PBXGroup;
			children = (
				48B07F602B7CB1ED008E701E /* offlineVideoPlayer.app */,
				48B07F702B7CB1F4008E701E /* offlineVideoPlayerTests.xctest */,
				48B07F7A2B7CB1F4008E701E /* offlineVideoPlayerUITests.xctest */,
			);
			name = Products;
			sourceTree = "<group>";
		};
		48B07F622B7CB1ED008E701E /* offlineVideoPlayer */ = {
			isa = PBXGroup;
			children = (
				48B07FA72B7CB4E8008E701E /* Service */,
				48B07FA62B7CB4DF008E701E /* Model */,
				48B07FA32B7CB43E008E701E /* Utilities */,
				48B07F9E2B7CB38D008E701E /* ViewModel */,
				48B07F962B7CB311008E701E /* Views */,
				48B07F632B7CB1ED008E701E /* offlineVideoPlayerApp.swift */,
				48B07F672B7CB1F3008E701E /* Assets.xcassets */,
				48B07F692B7CB1F3008E701E /* Preview Content */,
			);
			path = offlineVideoPlayer;
			sourceTree = "<group>";
		};
		48B07F692B7CB1F3008E701E /* Preview Content */ = {
			isa = PBXGroup;
			children = (
				48B07F6A2B7CB1F3008E701E /* Preview Assets.xcassets */,
			);
			path = "Preview Content";
			sourceTree = "<group>";
		};
		48B07F732B7CB1F4008E701E /* offlineVideoPlayerTests */ = {
			isa = PBXGroup;
			children = (
				48B07F742B7CB1F4008E701E /* offlineVideoPlayerTests.swift */,
			);
			path = offlineVideoPlayerTests;
			sourceTree = "<group>";
		};
		48B07F7D2B7CB1F4008E701E /* offlineVideoPlayerUITests */ = {
			isa = PBXGroup;
			children = (
				48B07F7E2B7CB1F4008E701E /* offlineVideoPlayerUITests.swift */,
				48B07F802B7CB1F4008E701E /* offlineVideoPlayerUITestsLaunchTests.swift */,
			);
			path = offlineVideoPlayerUITests;
			sourceTree = "<group>";
		};
		48B07F962B7CB311008E701E /* Views */ = {
			isa = PBXGroup;
			children = (
				48B07F972B7CB31E008E701E /* VideoListView.swift */,
				48B07F992B7CB327008E701E /* VideoDetailView.swift */,
			);
			path = Views;
			sourceTree = "<group>";
		};
		48B07F9E2B7CB38D008E701E /* ViewModel */ = {
			isa = PBXGroup;
			children = (
				48B07FAA2B7CEA76008E701E /* VideoDetailViewModel.swift */,
				48B07F9F2B7CB39D008E701E /* VideoListViewModel.swift */,
			);
			path = ViewModel;
			sourceTree = "<group>";
		};
		48B07FA32B7CB43E008E701E /* Utilities */ = {
			isa = PBXGroup;
			children = (
				48B07FA42B7CB44B008E701E /* PreviewProvider.swift */,
			);
			path = Utilities;
			sourceTree = "<group>";
		};
		48B07FA62B7CB4DF008E701E /* Model */ = {
			isa = PBXGroup;
			children = (
				48B07F8E2B7CB215008E701E /* Video.swift */,
			);
			path = Model;
			sourceTree = "<group>";
		};
		48B07FA72B7CB4E8008E701E /* Service */ = {
			isa = PBXGroup;
			children = (
				48B07F902B7CB281008E701E /* PixabayService.swift */,
				48B07FA82B7CB549008E701E /* DownloadService.swift */,
			);
			path = Service;
			sourceTree = "<group>";
		};
/* End PBXGroup section */

/* Begin PBXNativeTarget section */
		48B07F5F2B7CB1ED008E701E /* offlineVideoPlayer */ = {
			isa = PBXNativeTarget;
			buildConfigurationList = 48B07F842B7CB1F4008E701E /* Build configuration list for PBXNativeTarget "offlineVideoPlayer" */;
			buildPhases = (
				48B07F5C2B7CB1ED008E701E /* Sources */,
				48B07F5D2B7CB1ED008E701E /* Frameworks */,
				48B07F5E2B7CB1ED008E701E /* Resources */,
			);
			buildRules = (
			);
			dependencies = (
			);
			name = offlineVideoPlayer;
			packageProductDependencies = (
				48B07F932B7CB2DE008E701E /* Alamofire */,
				48B07F9C2B7CB378008E701E /* Kingfisher */,
			);
			productName = offlineVideoPlayer;
			productReference = 48B07F602B7CB1ED008E701E /* offlineVideoPlayer.app */;
			productType = "com.apple.product-type.application";
		};
		48B07F6F2B7CB1F4008E701E /* offlineVideoPlayerTests */ = {
			isa = PBXNativeTarget;
			buildConfigurationList = 48B07F872B7CB1F4008E701E /* Build configuration list for PBXNativeTarget "offlineVideoPlayerTests" */;
			buildPhases = (
				48B07F6C2B7CB1F4008E701E /* Sources */,
				48B07F6D2B7CB1F4008E701E /* Frameworks */,
				48B07F6E2B7CB1F4008E701E /* Resources */,
			);
			buildRules = (
			);
			dependencies = (
				48B07F722B7CB1F4008E701E /* PBXTargetDependency */,
			);
			name = offlineVideoPlayerTests;
			productName = offlineVideoPlayerTests;
			productReference = 48B07F702B7CB1F4008E701E /* offlineVideoPlayerTests.xctest */;
			productType = "com.apple.product-type.bundle.unit-test";
		};
		48B07F792B7CB1F4008E701E /* offlineVideoPlayerUITests */ = {
			isa = PBXNativeTarget;
			buildConfigurationList = 48B07F8A2B7CB1F4008E701E /* Build configuration list for PBXNativeTarget "offlineVideoPlayerUITests" */;
			buildPhases = (
				48B07F762B7CB1F4008E701E /* Sources */,
				48B07F772B7CB1F4008E701E /* Frameworks */,
				48B07F782B7CB1F4008E701E /* Resources */,
			);
			buildRules = (
			);
			dependencies = (
				48B07F7C2B7CB1F4008E701E /* PBXTargetDependency */,
			);
			name = offlineVideoPlayerUITests;
			productName = offlineVideoPlayerUITests;
			productReference = 48B07F7A2B7CB1F4008E701E /* offlineVideoPlayerUITests.xctest */;
			productType = "com.apple.product-type.bundle.ui-testing";
		};
/* End PBXNativeTarget section */

/* Begin PBXProject section */
		48B07F582B7CB1ED008E701E /* Project object */ = {
			isa = PBXProject;
			attributes = {
				BuildIndependentTargetsInParallel = 1;
				LastSwiftUpdateCheck = 1520;
				LastUpgradeCheck = 1520;
				TargetAttributes = {
					48B07F5F2B7CB1ED008E701E = {
						CreatedOnToolsVersion = 15.2;
					};
					48B07F6F2B7CB1F4008E701E = {
						CreatedOnToolsVersion = 15.2;
						TestTargetID = 48B07F5F2B7CB1ED008E701E;
					};
					48B07F792B7CB1F4008E701E = {
						CreatedOnToolsVersion = 15.2;
						TestTargetID = 48B07F5F2B7CB1ED008E701E;
					};
				};
			};
			buildConfigurationList = 48B07F5B2B7CB1ED008E701E /* Build configuration list for PBXProject "offlineVideoPlayer" */;
			compatibilityVersion = "Xcode 14.0";
			developmentRegion = en;
			hasScannedForEncodings = 0;
			knownRegions = (
				en,
				Base,
			);
			mainGroup = 48B07F572B7CB1ED008E701E;
			packageReferences = (
				48B07F922B7CB2DE008E701E /* XCRemoteSwiftPackageReference "Alamofire" */,
				48B07F9B2B7CB378008E701E /* XCRemoteSwiftPackageReference "Kingfisher" */,
			);
			productRefGroup = 48B07F612B7CB1ED008E701E /* Products */;
			projectDirPath = "";
			projectRoot = "";
			targets = (
				48B07F5F2B7CB1ED008E701E /* offlineVideoPlayer */,
				48B07F6F2B7CB1F4008E701E /* offlineVideoPlayerTests */,
				48B07F792B7CB1F4008E701E /* offlineVideoPlayerUITests */,
			);
		};
/* End PBXProject section */

/* Begin PBXResourcesBuildPhase section */
		48B07F5E2B7CB1ED008E701E /* Resources */ = {
			isa = PBXResourcesBuildPhase;
			buildActionMask = 2147483647;
			files = (
				48B07F6B2B7CB1F3008E701E /* Preview Assets.xcassets in Resources */,
				48B07F682B7CB1F3008E701E /* Assets.xcassets in Resources */,
			);
			runOnlyForDeploymentPostprocessing = 0;
		};
		48B07F6E2B7CB1F4008E701E /* Resources */ = {
			isa = PBXResourcesBuildPhase;
			buildActionMask = 2147483647;
			files = (
			);
			runOnlyForDeploymentPostprocessing = 0;
		};
		48B07F782B7CB1F4008E701E /* Resources */ = {
			isa = PBXResourcesBuildPhase;
			buildActionMask = 2147483647;
			files = (
			);
			runOnlyForDeploymentPostprocessing = 0;
		};
/* End PBXResourcesBuildPhase section */

/* Begin PBXSourcesBuildPhase section */
		48B07F5C2B7CB1ED008E701E /* Sources */ = {
			isa = PBXSourcesBuildPhase;
			buildActionMask = 2147483647;
			files = (
				48B07FAB2B7CEA76008E701E /* VideoDetailViewModel.swift in Sources */,
				48B07F982B7CB31E008E701E /* VideoListView.swift in Sources */,
				48B07F9A2B7CB327008E701E /* VideoDetailView.swift in Sources */,
				48B07FA02B7CB39D008E701E /* VideoListViewModel.swift in Sources */,
				48B07F8F2B7CB215008E701E /* Video.swift in Sources */,
				48B07F912B7CB281008E701E /* PixabayService.swift in Sources */,
				48B07FA52B7CB44B008E701E /* PreviewProvider.swift in Sources */,
				48B07F642B7CB1ED008E701E /* offlineVideoPlayerApp.swift in Sources */,
				48B07FA92B7CB549008E701E /* DownloadService.swift in Sources */,
			);
			runOnlyForDeploymentPostprocessing = 0;
		};
		48B07F6C2B7CB1F4008E701E /* Sources */ = {
			isa = PBXSourcesBuildPhase;
			buildActionMask = 2147483647;
			files = (
				48B07F752B7CB1F4008E701E /* offlineVideoPlayerTests.swift in Sources */,
			);
			runOnlyForDeploymentPostprocessing = 0;
		};
		48B07F762B7CB1F4008E701E /* Sources */ = {
			isa = PBXSourcesBuildPhase;
			buildActionMask = 2147483647;
			files = (
				48B07F7F2B7CB1F4008E701E /* offlineVideoPlayerUITests.swift in Sources */,
				48B07F812B7CB1F4008E701E /* offlineVideoPlayerUITestsLaunchTests.swift in Sources */,
			);
			runOnlyForDeploymentPostprocessing = 0;
		};
/* End PBXSourcesBuildPhase section */

/* Begin PBXTargetDependency section */
		48B07F722B7CB1F4008E701E /* PBXTargetDependency */ = {
			isa = PBXTargetDependency;
			target = 48B07F5F2B7CB1ED008E701E /* offlineVideoPlayer */;
			targetProxy = 48B07F712B7CB1F4008E701E /* PBXContainerItemProxy */;
		};
		48B07F7C2B7CB1F4008E701E /* PBXTargetDependency */ = {
			isa = PBXTargetDependency;
			target = 48B07F5F2B7CB1ED008E701E /* offlineVideoPlayer */;
			targetProxy = 48B07F7B2B7CB1F4008E701E /* PBXContainerItemProxy */;
		};
/* End PBXTargetDependency section */

/* Begin XCBuildConfiguration section */
		48B07F822B7CB1F4008E701E /* Debug */ = {
			isa = XCBuildConfiguration;
			buildSettings = {
				ALWAYS_SEARCH_USER_PATHS = NO;
				ASSETCATALOG_COMPILER_GENERATE_SWIFT_ASSET_SYMBOL_EXTENSIONS = YES;
				CLANG_ANALYZER_NONNULL = YES;
				CLANG_ANALYZER_NUMBER_OBJECT_CONVERSION = YES_AGGRESSIVE;
				CLANG_CXX_LANGUAGE_STANDARD = "gnu++20";
				CLANG_ENABLE_MODULES = YES;
				CLANG_ENABLE_OBJC_ARC = YES;
				CLANG_ENABLE_OBJC_WEAK = YES;
				CLANG_WARN_BLOCK_CAPTURE_AUTORELEASING = YES;
				CLANG_WARN_BOOL_CONVERSION = YES;
				CLANG_WARN_COMMA = YES;
				CLANG_WARN_CONSTANT_CONVERSION = YES;
				CLANG_WARN_DEPRECATED_OBJC_IMPLEMENTATIONS = YES;
				CLANG_WARN_DIRECT_OBJC_ISA_USAGE = YES_ERROR;
				CLANG_WARN_DOCUMENTATION_COMMENTS = YES;
				CLANG_WARN_EMPTY_BODY = YES;
				CLANG_WARN_ENUM_CONVERSION = YES;
				CLANG_WARN_INFINITE_RECURSION = YES;
				CLANG_WARN_INT_CONVERSION = YES;
				CLANG_WARN_NON_LITERAL_NULL_CONVERSION = YES;
				CLANG_WARN_OBJC_IMPLICIT_RETAIN_SELF = YES;
				CLANG_WARN_OBJC_LITERAL_CONVERSION = YES;
				CLANG_WARN_OBJC_ROOT_CLASS = YES_ERROR;
				CLANG_WARN_QUOTED_INCLUDE_IN_FRAMEWORK_HEADER = YES;
				CLANG_WARN_RANGE_LOOP_ANALYSIS = YES;
				CLANG_WARN_STRICT_PROTOTYPES = YES;
				CLANG_WARN_SUSPICIOUS_MOVE = YES;
				CLANG_WARN_UNGUARDED_AVAILABILITY = YES_AGGRESSIVE;
				CLANG_WARN_UNREACHABLE_CODE = YES;
				CLANG_WARN__DUPLICATE_METHOD_MATCH = YES;
				COPY_PHASE_STRIP = NO;
				DEBUG_INFORMATION_FORMAT = dwarf;
				ENABLE_STRICT_OBJC_MSGSEND = YES;
				ENABLE_TESTABILITY = YES;
				ENABLE_USER_SCRIPT_SANDBOXING = YES;
				GCC_C_LANGUAGE_STANDARD = gnu17;
				GCC_DYNAMIC_NO_PIC = NO;
				GCC_NO_COMMON_BLOCKS = YES;
				GCC_OPTIMIZATION_LEVEL = 0;
				GCC_PREPROCESSOR_DEFINITIONS = (
					"DEBUG=1",
					"$(inherited)",
				);
				GCC_WARN_64_TO_32_BIT_CONVERSION = YES;
				GCC_WARN_ABOUT_RETURN_TYPE = YES_ERROR;
				GCC_WARN_UNDECLARED_SELECTOR = YES;
				GCC_WARN_UNINITIALIZED_AUTOS = YES_AGGRESSIVE;
				GCC_WARN_UNUSED_FUNCTION = YES;
				GCC_WARN_UNUSED_VARIABLE = YES;
				IPHONEOS_DEPLOYMENT_TARGET = 17.2;
				LOCALIZATION_PREFERS_STRING_CATALOGS = YES;
				MTL_ENABLE_DEBUG_INFO = INCLUDE_SOURCE;
				MTL_FAST_MATH = YES;
				ONLY_ACTIVE_ARCH = YES;
				SDKROOT = iphoneos;
				SWIFT_ACTIVE_COMPILATION_CONDITIONS = "DEBUG $(inherited)";
				SWIFT_OPTIMIZATION_LEVEL = "-Onone";
			};
			name = Debug;
		};
		48B07F832B7CB1F4008E701E /* Release */ = {
			isa = XCBuildConfiguration;
			buildSettings = {
				ALWAYS_SEARCH_USER_PATHS = NO;
				ASSETCATALOG_COMPILER_GENERATE_SWIFT_ASSET_SYMBOL_EXTENSIONS = YES;
				CLANG_ANALYZER_NONNULL = YES;
				CLANG_ANALYZER_NUMBER_OBJECT_CONVERSION = YES_AGGRESSIVE;
				CLANG_CXX_LANGUAGE_STANDARD = "gnu++20";
				CLANG_ENABLE_MODULES = YES;
				CLANG_ENABLE_OBJC_ARC = YES;
				CLANG_ENABLE_OBJC_WEAK = YES;
				CLANG_WARN_BLOCK_CAPTURE_AUTORELEASING = YES;
				CLANG_WARN_BOOL_CONVERSION = YES;
				CLANG_WARN_COMMA = YES;
				CLANG_WARN_CONSTANT_CONVERSION = YES;
				CLANG_WARN_DEPRECATED_OBJC_IMPLEMENTATIONS = YES;
				CLANG_WARN_DIRECT_OBJC_ISA_USAGE = YES_ERROR;
				CLANG_WARN_DOCUMENTATION_COMMENTS = YES;
				CLANG_WARN_EMPTY_BODY = YES;
				CLANG_WARN_ENUM_CONVERSION = YES;
				CLANG_WARN_INFINITE_RECURSION = YES;
				CLANG_WARN_INT_CONVERSION = YES;
				CLANG_WARN_NON_LITERAL_NULL_CONVERSION = YES;
				CLANG_WARN_OBJC_IMPLICIT_RETAIN_SELF = YES;
				CLANG_WARN_OBJC_LITERAL_CONVERSION = YES;
				CLANG_WARN_OBJC_ROOT_CLASS = YES_ERROR;
				CLANG_WARN_QUOTED_INCLUDE_IN_FRAMEWORK_HEADER = YES;
				CLANG_WARN_RANGE_LOOP_ANALYSIS = YES;
				CLANG_WARN_STRICT_PROTOTYPES = YES;
				CLANG_WARN_SUSPICIOUS_MOVE = YES;
				CLANG_WARN_UNGUARDED_AVAILABILITY = YES_AGGRESSIVE;
				CLANG_WARN_UNREACHABLE_CODE = YES;
				CLANG_WARN__DUPLICATE_METHOD_MATCH = YES;
				COPY_PHASE_STRIP = NO;
				DEBUG_INFORMATION_FORMAT = "dwarf-with-dsym";
				ENABLE_NS_ASSERTIONS = NO;
				ENABLE_STRICT_OBJC_MSGSEND = YES;
				ENABLE_USER_SCRIPT_SANDBOXING = YES;
				GCC_C_LANGUAGE_STANDARD = gnu17;
				GCC_NO_COMMON_BLOCKS = YES;
				GCC_WARN_64_TO_32_BIT_CONVERSION = YES;
				GCC_WARN_ABOUT_RETURN_TYPE = YES_ERROR;
				GCC_WARN_UNDECLARED_SELECTOR = YES;
				GCC_WARN_UNINITIALIZED_AUTOS = YES_AGGRESSIVE;
				GCC_WARN_UNUSED_FUNCTION = YES;
				GCC_WARN_UNUSED_VARIABLE = YES;
				IPHONEOS_DEPLOYMENT_TARGET = 17.2;
				LOCALIZATION_PREFERS_STRING_CATALOGS = YES;
				MTL_ENABLE_DEBUG_INFO = NO;
				MTL_FAST_MATH = YES;
				SDKROOT = iphoneos;
				SWIFT_COMPILATION_MODE = wholemodule;
				VALIDATE_PRODUCT = YES;
			};
			name = Release;
		};
		48B07F852B7CB1F4008E701E /* Debug */ = {
			isa = XCBuildConfiguration;
			buildSettings = {
				ASSETCATALOG_COMPILER_APPICON_NAME = AppIcon;
				ASSETCATALOG_COMPILER_GLOBAL_ACCENT_COLOR_NAME = AccentColor;
				CODE_SIGN_STYLE = Automatic;
				CURRENT_PROJECT_VERSION = 1;
				DEVELOPMENT_ASSET_PATHS = "\"offlineVideoPlayer/Preview Content\"";
				ENABLE_PREVIEWS = YES;
				GENERATE_INFOPLIST_FILE = YES;
				INFOPLIST_KEY_NSPhotoLibraryUsageDescription = hello;
				INFOPLIST_KEY_UIApplicationSceneManifest_Generation = YES;
				INFOPLIST_KEY_UIApplicationSupportsIndirectInputEvents = YES;
				INFOPLIST_KEY_UILaunchScreen_Generation = YES;
				INFOPLIST_KEY_UISupportedInterfaceOrientations_iPad = "UIInterfaceOrientationPortrait UIInterfaceOrientationPortraitUpsideDown UIInterfaceOrientationLandscapeLeft UIInterfaceOrientationLandscapeRight";
				INFOPLIST_KEY_UISupportedInterfaceOrientations_iPhone = "UIInterfaceOrientationPortrait UIInterfaceOrientationLandscapeLeft UIInterfaceOrientationLandscapeRight";
				LD_RUNPATH_SEARCH_PATHS = (
					"$(inherited)",
					"@executable_path/Frameworks",
				);
				MARKETING_VERSION = 1.0;
				PRODUCT_BUNDLE_IDENTIFIER = com.gytisptasinskas.offlineVideoPlayer;
				PRODUCT_NAME = "$(TARGET_NAME)";
				SWIFT_EMIT_LOC_STRINGS = YES;
				SWIFT_VERSION = 5.0;
				TARGETED_DEVICE_FAMILY = "1,2";
			};
			name = Debug;
		};
		48B07F862B7CB1F4008E701E /* Release */ = {
			isa = XCBuildConfiguration;
			buildSettings = {
				ASSETCATALOG_COMPILER_APPICON_NAME = AppIcon;
				ASSETCATALOG_COMPILER_GLOBAL_ACCENT_COLOR_NAME = AccentColor;
				CODE_SIGN_STYLE = Automatic;
				CURRENT_PROJECT_VERSION = 1;
				DEVELOPMENT_ASSET_PATHS = "\"offlineVideoPlayer/Preview Content\"";
				ENABLE_PREVIEWS = YES;
				GENERATE_INFOPLIST_FILE = YES;
				INFOPLIST_KEY_NSPhotoLibraryUsageDescription = hello;
				INFOPLIST_KEY_UIApplicationSceneManifest_Generation = YES;
				INFOPLIST_KEY_UIApplicationSupportsIndirectInputEvents = YES;
				INFOPLIST_KEY_UILaunchScreen_Generation = YES;
				INFOPLIST_KEY_UISupportedInterfaceOrientations_iPad = "UIInterfaceOrientationPortrait UIInterfaceOrientationPortraitUpsideDown UIInterfaceOrientationLandscapeLeft UIInterfaceOrientationLandscapeRight";
				INFOPLIST_KEY_UISupportedInterfaceOrientations_iPhone = "UIInterfaceOrientationPortrait UIInterfaceOrientationLandscapeLeft UIInterfaceOrientationLandscapeRight";
				LD_RUNPATH_SEARCH_PATHS = (
					"$(inherited)",
					"@executable_path/Frameworks",
				);
				MARKETING_VERSION = 1.0;
				PRODUCT_BUNDLE_IDENTIFIER = com.gytisptasinskas.offlineVideoPlayer;
				PRODUCT_NAME = "$(TARGET_NAME)";
				SWIFT_EMIT_LOC_STRINGS = YES;
				SWIFT_VERSION = 5.0;
				TARGETED_DEVICE_FAMILY = "1,2";
			};
			name = Release;
		};
		48B07F882B7CB1F4008E701E /* Debug */ = {
			isa = XCBuildConfiguration;
			buildSettings = {
				ALWAYS_EMBED_SWIFT_STANDARD_LIBRARIES = YES;
				BUNDLE_LOADER = "$(TEST_HOST)";
				CODE_SIGN_STYLE = Automatic;
				CURRENT_PROJECT_VERSION = 1;
				GENERATE_INFOPLIST_FILE = YES;
				IPHONEOS_DEPLOYMENT_TARGET = 17.2;
				MARKETING_VERSION = 1.0;
				PRODUCT_BUNDLE_IDENTIFIER = com.gytisptasinskas.offlineVideoPlayerTests;
				PRODUCT_NAME = "$(TARGET_NAME)";
				SWIFT_EMIT_LOC_STRINGS = NO;
				SWIFT_VERSION = 5.0;
				TARGETED_DEVICE_FAMILY = "1,2";
				TEST_HOST = "$(BUILT_PRODUCTS_DIR)/offlineVideoPlayer.app/$(BUNDLE_EXECUTABLE_FOLDER_PATH)/offlineVideoPlayer";
			};
			name = Debug;
		};
		48B07F892B7CB1F4008E701E /* Release */ = {
			isa = XCBuildConfiguration;
			buildSettings = {
				ALWAYS_EMBED_SWIFT_STANDARD_LIBRARIES = YES;
				BUNDLE_LOADER = "$(TEST_HOST)";
				CODE_SIGN_STYLE = Automatic;
				CURRENT_PROJECT_VERSION = 1;
				GENERATE_INFOPLIST_FILE = YES;
				IPHONEOS_DEPLOYMENT_TARGET = 17.2;
				MARKETING_VERSION = 1.0;
				PRODUCT_BUNDLE_IDENTIFIER = com.gytisptasinskas.offlineVideoPlayerTests;
				PRODUCT_NAME = "$(TARGET_NAME)";
				SWIFT_EMIT_LOC_STRINGS = NO;
				SWIFT_VERSION = 5.0;
				TARGETED_DEVICE_FAMILY = "1,2";
				TEST_HOST = "$(BUILT_PRODUCTS_DIR)/offlineVideoPlayer.app/$(BUNDLE_EXECUTABLE_FOLDER_PATH)/offlineVideoPlayer";
			};
			name = Release;
		};
		48B07F8B2B7CB1F4008E701E /* Debug */ = {
			isa = XCBuildConfiguration;
			buildSettings = {
				ALWAYS_EMBED_SWIFT_STANDARD_LIBRARIES = YES;
				CODE_SIGN_STYLE = Automatic;
				CURRENT_PROJECT_VERSION = 1;
				GENERATE_INFOPLIST_FILE = YES;
				MARKETING_VERSION = 1.0;
				PRODUCT_BUNDLE_IDENTIFIER = com.gytisptasinskas.offlineVideoPlayerUITests;
				PRODUCT_NAME = "$(TARGET_NAME)";
				SWIFT_EMIT_LOC_STRINGS = NO;
				SWIFT_VERSION = 5.0;
				TARGETED_DEVICE_FAMILY = "1,2";
				TEST_TARGET_NAME = offlineVideoPlayer;
			};
			name = Debug;
		};
		48B07F8C2B7CB1F4008E701E /* Release */ = {
			isa = XCBuildConfiguration;
			buildSettings = {
				ALWAYS_EMBED_SWIFT_STANDARD_LIBRARIES = YES;
				CODE_SIGN_STYLE = Automatic;
				CURRENT_PROJECT_VERSION = 1;
				GENERATE_INFOPLIST_FILE = YES;
				MARKETING_VERSION = 1.0;
				PRODUCT_BUNDLE_IDENTIFIER = com.gytisptasinskas.offlineVideoPlayerUITests;
				PRODUCT_NAME = "$(TARGET_NAME)";
				SWIFT_EMIT_LOC_STRINGS = NO;
				SWIFT_VERSION = 5.0;
				TARGETED_DEVICE_FAMILY = "1,2";
				TEST_TARGET_NAME = offlineVideoPlayer;
			};
			name = Release;
		};
/* End XCBuildConfiguration section */

/* Begin XCConfigurationList section */
		48B07F5B2B7CB1ED008E701E /* Build configuration list for PBXProject "offlineVideoPlayer" */ = {
			isa = XCConfigurationList;
			buildConfigurations = (
				48B07F822B7CB1F4008E701E /* Debug */,
				48B07F832B7CB1F4008E701E /* Release */,
			);
			defaultConfigurationIsVisible = 0;
			defaultConfigurationName = Release;
		};
		48B07F842B7CB1F4008E701E /* Build configuration list for PBXNativeTarget "offlineVideoPlayer" */ = {
			isa = XCConfigurationList;
			buildConfigurations = (
				48B07F852B7CB1F4008E701E /* Debug */,
				48B07F862B7CB1F4008E701E /* Release */,
			);
			defaultConfigurationIsVisible = 0;
			defaultConfigurationName = Release;
		};
		48B07F872B7CB1F4008E701E /* Build configuration list for PBXNativeTarget "offlineVideoPlayerTests" */ = {
			isa = XCConfigurationList;
			buildConfigurations = (
				48B07F882B7CB1F4008E701E /* Debug */,
				48B07F892B7CB1F4008E701E /* Release */,
			);
			defaultConfigurationIsVisible = 0;
			defaultConfigurationName = Release;
		};
		48B07F8A2B7CB1F4008E701E /* Build configuration list for PBXNativeTarget "offlineVideoPlayerUITests" */ = {
			isa = XCConfigurationList;
			buildConfigurations = (
				48B07F8B2B7CB1F4008E701E /* Debug */,
				48B07F8C2B7CB1F4008E701E /* Release */,
			);
			defaultConfigurationIsVisible = 0;
			defaultConfigurationName = Release;
		};
/* End XCConfigurationList section */

/* Begin XCRemoteSwiftPackageReference section */
		48B07F922B7CB2DE008E701E /* XCRemoteSwiftPackageReference "Alamofire" */ = {
			isa = XCRemoteSwiftPackageReference;
			repositoryURL = "https://github.com/Alamofire/Alamofire";
			requirement = {
				kind = upToNextMajorVersion;
				minimumVersion = 5.8.1;
			};
		};
		48B07F9B2B7CB378008E701E /* XCRemoteSwiftPackageReference "Kingfisher" */ = {
			isa = XCRemoteSwiftPackageReference;
			repositoryURL = "https://github.com/onevcat/Kingfisher";
			requirement = {
				kind = upToNextMajorVersion;
				minimumVersion = 7.11.0;
			};
		};
/* End XCRemoteSwiftPackageReference section */

/* Begin XCSwiftPackageProductDependency section */
		48B07F932B7CB2DE008E701E /* Alamofire */ = {
			isa = XCSwiftPackageProductDependency;
			package = 48B07F922B7CB2DE008E701E /* XCRemoteSwiftPackageReference "Alamofire" */;
			productName = Alamofire;
		};
		48B07F9C2B7CB378008E701E /* Kingfisher */ = {
			isa = XCSwiftPackageProductDependency;
			package = 48B07F9B2B7CB378008E701E /* XCRemoteSwiftPackageReference "Kingfisher" */;
			productName = Kingfisher;
		};
/* End XCSwiftPackageProductDependency section */
	};
	rootObject = 48B07F582B7CB1ED008E701E /* Project object */;
}
